
Microsoft Visual Studio Solution File, Format Version 12.00
# Visual Studio 14
VisualStudioVersion = 14.0.25420.1
MinimumVisualStudioVersion = 10.0.40219.1
Project("{FAE04EC0-301F-11D3-BF4B-00C04F79EFBC}") = "02.Book_Shop", "02.Book_Shop\02.Book_Shop.csproj", "{18A7BD1D-E771-4A9F-A740-7E2A7FB64BD9}"
EndProject
Project("{FAE04EC0-301F-11D3-BF4B-00C04F79EFBC}") = "03.Mankind", "03.Mankind\03.Mankind.csproj", "{083184C8-5AE1-48C7-994A-C7F31D9D8298}"
EndProject
Project("{FAE04EC0-301F-11D3-BF4B-00C04F79EFBC}") = "06.Animals", "06.Animals\06.Animals.csproj", "{F4802141-4B75-4134-B8B3-BE36AAA92DDB}"
EndProject
Project("{FAE04EC0-301F-11D3-BF4B-00C04F79EFBC}") = "01.Person", "01.Person\01.Person.csproj", "{198D2AB4-4C96-4A94-96D5-55DE42FB454D}"
EndProject
Global
	GlobalSection(SolutionConfigurationPlatforms) = preSolution
		Debug|Any CPU = Debug|Any CPU
		Release|Any CPU = Release|Any CPU
	EndGlobalSection
	GlobalSection(ProjectConfigurationPlatforms) = postSolution
		{18A7BD1D-E771-4A9F-A740-7E2A7FB64BD9}.Debug|Any CPU.ActiveCfg = Debug|Any CPU
		{18A7BD1D-E771-4A9F-A740-7E2A7FB64BD9}.Debug|Any CPU.Build.0 = Debug|Any CPU
		{18A7BD1D-E771-4A9F-A740-7E2A7FB64BD9}.Release|Any CPU.ActiveCfg = Release|Any CPU
		{18A7BD1D-E771-4A9F-A740-7E2A7FB64BD9}.Release|Any CPU.Build.0 = Release|Any CPU
		{083184C8-5AE1-48C7-994A-C7F31D9D8298}.Debug|Any CPU.ActiveCfg = Debug|Any CPU
		{083184C8-5AE1-48C7-994A-C7F31D9D8298}.Debug|Any CPU.Build.0 = Debug|Any CPU
		{083184C8-5AE1-48C7-994A-C7F31D9D8298}.Release|Any CPU.ActiveCfg = Release|Any CPU
		{083184C8-5AE1-48C7-994A-C7F31D9D8298}.Release|Any CPU.Build.0 = Release|Any CPU
		{F4802141-4B75-4134-B8B3-BE36AAA92DDB}.Debug|Any CPU.ActiveCfg = Debug|Any CPU
		{F4802141-4B75-4134-B8B3-BE36AAA92DDB}.Debug|Any CPU.Build.0 = Debug|Any CPU
		{F4802141-4B75-4134-B8B3-BE36AAA92DDB}.Release|Any CPU.ActiveCfg = Release|Any CPU
		{F4802141-4B75-4134-B8B3-BE36AAA92DDB}.Release|Any CPU.Build.0 = Release|Any CPU
		{198D2AB4-4C96-4A94-96D5-55DE42FB454D}.Debug|Any CPU.ActiveCfg = Debug|Any CPU
		{198D2AB4-4C96-4A94-96D5-55DE42FB454D}.Debug|Any CPU.Build.0 = Debug|Any CPU
		{198D2AB4-4C96-4A94-96D5-55DE42FB454D}.Release|Any CPU.ActiveCfg = Release|Any CPU
		{198D2AB4-4C96-4A94-96D5-55DE42FB454D}.Release|Any CPU.Build.0 = Release|Any CPU
	EndGlobalSection
	GlobalSection(SolutionProperties) = preSolution
		HideSolutionNode = FALSE
	EndGlobalSection
EndGlobal
