
Microsoft Visual Studio Solution File, Format Version 12.00
# Visual Studio 14
VisualStudioVersion = 14.0.25420.1
MinimumVisualStudioVersion = 10.0.40219.1
Project("{FAE04EC0-301F-11D3-BF4B-00C04F79EFBC}") = "01.Vehicles", "01.Vehicles\01.Vehicles.csproj", "{7B03A8F6-9ABD-4529-91A0-B71D3C6A1AE2}"
EndProject
Project("{FAE04EC0-301F-11D3-BF4B-00C04F79EFBC}") = "03.WildFarm", "WildFarm\03.WildFarm.csproj", "{D2D40EAC-35E7-45E6-B2C7-45BA357CFC9B}"
EndProject
Project("{FAE04EC0-301F-11D3-BF4B-00C04F79EFBC}") = "02.VeniclesExtention", "02.VeniclesExtention\02.VeniclesExtention.csproj", "{F52EA298-9C43-486E-8A50-ACED6C1FD6BB}"
EndProject
Global
	GlobalSection(SolutionConfigurationPlatforms) = preSolution
		Debug|Any CPU = Debug|Any CPU
		Release|Any CPU = Release|Any CPU
	EndGlobalSection
	GlobalSection(ProjectConfigurationPlatforms) = postSolution
		{7B03A8F6-9ABD-4529-91A0-B71D3C6A1AE2}.Debug|Any CPU.ActiveCfg = Debug|Any CPU
		{7B03A8F6-9ABD-4529-91A0-B71D3C6A1AE2}.Debug|Any CPU.Build.0 = Debug|Any CPU
		{7B03A8F6-9ABD-4529-91A0-B71D3C6A1AE2}.Release|Any CPU.ActiveCfg = Release|Any CPU
		{7B03A8F6-9ABD-4529-91A0-B71D3C6A1AE2}.Release|Any CPU.Build.0 = Release|Any CPU
		{D2D40EAC-35E7-45E6-B2C7-45BA357CFC9B}.Debug|Any CPU.ActiveCfg = Debug|Any CPU
		{D2D40EAC-35E7-45E6-B2C7-45BA357CFC9B}.Debug|Any CPU.Build.0 = Debug|Any CPU
		{D2D40EAC-35E7-45E6-B2C7-45BA357CFC9B}.Release|Any CPU.ActiveCfg = Release|Any CPU
		{D2D40EAC-35E7-45E6-B2C7-45BA357CFC9B}.Release|Any CPU.Build.0 = Release|Any CPU
		{F52EA298-9C43-486E-8A50-ACED6C1FD6BB}.Debug|Any CPU.ActiveCfg = Debug|Any CPU
		{F52EA298-9C43-486E-8A50-ACED6C1FD6BB}.Debug|Any CPU.Build.0 = Debug|Any CPU
		{F52EA298-9C43-486E-8A50-ACED6C1FD6BB}.Release|Any CPU.ActiveCfg = Release|Any CPU
		{F52EA298-9C43-486E-8A50-ACED6C1FD6BB}.Release|Any CPU.Build.0 = Release|Any CPU
	EndGlobalSection
	GlobalSection(SolutionProperties) = preSolution
		HideSolutionNode = FALSE
	EndGlobalSection
EndGlobal
