
Microsoft Visual Studio Solution File, Format Version 12.00
# Visual Studio 14
VisualStudioVersion = 14.0.25420.1
MinimumVisualStudioVersion = 10.0.40219.1
Project("{FAE04EC0-301F-11D3-BF4B-00C04F79EFBC}") = "01.Shapes", "01.Shapes\01.Shapes.csproj", "{808B5F92-1C76-454A-8CE3-512CCE3DCF64}"
EndProject
Project("{FAE04EC0-301F-11D3-BF4B-00C04F79EFBC}") = "Cars", "Cars\Cars.csproj", "{C5BF7BCD-F14B-4687-BA8D-FFD24F7F0DA2}"
EndProject
Global
	GlobalSection(SolutionConfigurationPlatforms) = preSolution
		Debug|Any CPU = Debug|Any CPU
		Release|Any CPU = Release|Any CPU
	EndGlobalSection
	GlobalSection(ProjectConfigurationPlatforms) = postSolution
		{808B5F92-1C76-454A-8CE3-512CCE3DCF64}.Debug|Any CPU.ActiveCfg = Debug|Any CPU
		{808B5F92-1C76-454A-8CE3-512CCE3DCF64}.Debug|Any CPU.Build.0 = Debug|Any CPU
		{808B5F92-1C76-454A-8CE3-512CCE3DCF64}.Release|Any CPU.ActiveCfg = Release|Any CPU
		{808B5F92-1C76-454A-8CE3-512CCE3DCF64}.Release|Any CPU.Build.0 = Release|Any CPU
		{C5BF7BCD-F14B-4687-BA8D-FFD24F7F0DA2}.Debug|Any CPU.ActiveCfg = Debug|Any CPU
		{C5BF7BCD-F14B-4687-BA8D-FFD24F7F0DA2}.Debug|Any CPU.Build.0 = Debug|Any CPU
		{C5BF7BCD-F14B-4687-BA8D-FFD24F7F0DA2}.Release|Any CPU.ActiveCfg = Release|Any CPU
		{C5BF7BCD-F14B-4687-BA8D-FFD24F7F0DA2}.Release|Any CPU.Build.0 = Release|Any CPU
	EndGlobalSection
	GlobalSection(SolutionProperties) = preSolution
		HideSolutionNode = FALSE
	EndGlobalSection
EndGlobal
