
Microsoft Visual Studio Solution File, Format Version 12.00
# Visual Studio 14
VisualStudioVersion = 14.0.25420.1
MinimumVisualStudioVersion = 10.0.40219.1
Project("{FAE04EC0-301F-11D3-BF4B-00C04F79EFBC}") = "04.Shoping_Spree", "04.Shoping_Spree\04.Shoping_Spree.csproj", "{73DE474B-8770-4BE2-90BD-54897FC1F03A}"
EndProject
Project("{FAE04EC0-301F-11D3-BF4B-00C04F79EFBC}") = "06.Football_Team_Generator", "06.Football_Team_Generator\06.Football_Team_Generator.csproj", "{EDB89BBA-BB11-44CD-AED5-96DE738E3BF4}"
EndProject
Project("{FAE04EC0-301F-11D3-BF4B-00C04F79EFBC}") = "05.Pizza", "05.Pizza\05.Pizza.csproj", "{B5A4B620-DDF7-4682-971E-91EDE72E5E53}"
EndProject
Project("{FAE04EC0-301F-11D3-BF4B-00C04F79EFBC}") = "01.ClassBox", "01.ClassBox\01.ClassBox.csproj", "{0ACF26D7-F5E9-42CC-90A7-74FF6C218EBE}"
EndProject
Project("{FAE04EC0-301F-11D3-BF4B-00C04F79EFBC}") = "02.ClassBoxData", "02.ClassBoxData\02.ClassBoxData.csproj", "{60B85A2C-2622-48E4-882F-89835747AE43}"
EndProject
Project("{FAE04EC0-301F-11D3-BF4B-00C04F79EFBC}") = "03.AnimalFarm", "03.AnimalFarm\03.AnimalFarm.csproj", "{AE4671F7-AEF7-496E-A2A7-6F91DB508C31}"
EndProject
Global
	GlobalSection(SolutionConfigurationPlatforms) = preSolution
		Debug|Any CPU = Debug|Any CPU
		Release|Any CPU = Release|Any CPU
	EndGlobalSection
	GlobalSection(ProjectConfigurationPlatforms) = postSolution
		{73DE474B-8770-4BE2-90BD-54897FC1F03A}.Debug|Any CPU.ActiveCfg = Debug|Any CPU
		{73DE474B-8770-4BE2-90BD-54897FC1F03A}.Debug|Any CPU.Build.0 = Debug|Any CPU
		{73DE474B-8770-4BE2-90BD-54897FC1F03A}.Release|Any CPU.ActiveCfg = Release|Any CPU
		{73DE474B-8770-4BE2-90BD-54897FC1F03A}.Release|Any CPU.Build.0 = Release|Any CPU
		{EDB89BBA-BB11-44CD-AED5-96DE738E3BF4}.Debug|Any CPU.ActiveCfg = Debug|Any CPU
		{EDB89BBA-BB11-44CD-AED5-96DE738E3BF4}.Debug|Any CPU.Build.0 = Debug|Any CPU
		{EDB89BBA-BB11-44CD-AED5-96DE738E3BF4}.Release|Any CPU.ActiveCfg = Release|Any CPU
		{EDB89BBA-BB11-44CD-AED5-96DE738E3BF4}.Release|Any CPU.Build.0 = Release|Any CPU
		{B5A4B620-DDF7-4682-971E-91EDE72E5E53}.Debug|Any CPU.ActiveCfg = Debug|Any CPU
		{B5A4B620-DDF7-4682-971E-91EDE72E5E53}.Debug|Any CPU.Build.0 = Debug|Any CPU
		{B5A4B620-DDF7-4682-971E-91EDE72E5E53}.Release|Any CPU.ActiveCfg = Release|Any CPU
		{B5A4B620-DDF7-4682-971E-91EDE72E5E53}.Release|Any CPU.Build.0 = Release|Any CPU
		{0ACF26D7-F5E9-42CC-90A7-74FF6C218EBE}.Debug|Any CPU.ActiveCfg = Debug|Any CPU
		{0ACF26D7-F5E9-42CC-90A7-74FF6C218EBE}.Debug|Any CPU.Build.0 = Debug|Any CPU
		{0ACF26D7-F5E9-42CC-90A7-74FF6C218EBE}.Release|Any CPU.ActiveCfg = Release|Any CPU
		{0ACF26D7-F5E9-42CC-90A7-74FF6C218EBE}.Release|Any CPU.Build.0 = Release|Any CPU
		{60B85A2C-2622-48E4-882F-89835747AE43}.Debug|Any CPU.ActiveCfg = Debug|Any CPU
		{60B85A2C-2622-48E4-882F-89835747AE43}.Debug|Any CPU.Build.0 = Debug|Any CPU
		{60B85A2C-2622-48E4-882F-89835747AE43}.Release|Any CPU.ActiveCfg = Release|Any CPU
		{60B85A2C-2622-48E4-882F-89835747AE43}.Release|Any CPU.Build.0 = Release|Any CPU
		{AE4671F7-AEF7-496E-A2A7-6F91DB508C31}.Debug|Any CPU.ActiveCfg = Debug|Any CPU
		{AE4671F7-AEF7-496E-A2A7-6F91DB508C31}.Debug|Any CPU.Build.0 = Debug|Any CPU
		{AE4671F7-AEF7-496E-A2A7-6F91DB508C31}.Release|Any CPU.ActiveCfg = Release|Any CPU
		{AE4671F7-AEF7-496E-A2A7-6F91DB508C31}.Release|Any CPU.Build.0 = Release|Any CPU
	EndGlobalSection
	GlobalSection(SolutionProperties) = preSolution
		HideSolutionNode = FALSE
	EndGlobalSection
EndGlobal
