
Microsoft Visual Studio Solution File, Format Version 12.00
# Visual Studio 14
VisualStudioVersion = 14.0.25420.1
MinimumVisualStudioVersion = 10.0.40219.1
Project("{FAE04EC0-301F-11D3-BF4B-00C04F79EFBC}") = ")1.Math", "Polymorphism_Lab\)1.Math.csproj", "{03B1932A-F2B3-480C-9447-2155B5B262EE}"
EndProject
Project("{FAE04EC0-301F-11D3-BF4B-00C04F79EFBC}") = "02.Animals", "02.Animals\02.Animals.csproj", "{8A1680FF-D81A-4AC5-AB2C-6D3285A79B28}"
EndProject
Project("{FAE04EC0-301F-11D3-BF4B-00C04F79EFBC}") = "03.Shapes", "03.Shapes\03.Shapes.csproj", "{54A6EE04-8464-44CB-BFCE-E7506D024F11}"
EndProject
Global
	GlobalSection(SolutionConfigurationPlatforms) = preSolution
		Debug|Any CPU = Debug|Any CPU
		Release|Any CPU = Release|Any CPU
	EndGlobalSection
	GlobalSection(ProjectConfigurationPlatforms) = postSolution
		{03B1932A-F2B3-480C-9447-2155B5B262EE}.Debug|Any CPU.ActiveCfg = Debug|Any CPU
		{03B1932A-F2B3-480C-9447-2155B5B262EE}.Debug|Any CPU.Build.0 = Debug|Any CPU
		{03B1932A-F2B3-480C-9447-2155B5B262EE}.Release|Any CPU.ActiveCfg = Release|Any CPU
		{03B1932A-F2B3-480C-9447-2155B5B262EE}.Release|Any CPU.Build.0 = Release|Any CPU
		{8A1680FF-D81A-4AC5-AB2C-6D3285A79B28}.Debug|Any CPU.ActiveCfg = Debug|Any CPU
		{8A1680FF-D81A-4AC5-AB2C-6D3285A79B28}.Debug|Any CPU.Build.0 = Debug|Any CPU
		{8A1680FF-D81A-4AC5-AB2C-6D3285A79B28}.Release|Any CPU.ActiveCfg = Release|Any CPU
		{8A1680FF-D81A-4AC5-AB2C-6D3285A79B28}.Release|Any CPU.Build.0 = Release|Any CPU
		{54A6EE04-8464-44CB-BFCE-E7506D024F11}.Debug|Any CPU.ActiveCfg = Debug|Any CPU
		{54A6EE04-8464-44CB-BFCE-E7506D024F11}.Debug|Any CPU.Build.0 = Debug|Any CPU
		{54A6EE04-8464-44CB-BFCE-E7506D024F11}.Release|Any CPU.ActiveCfg = Release|Any CPU
		{54A6EE04-8464-44CB-BFCE-E7506D024F11}.Release|Any CPU.Build.0 = Release|Any CPU
	EndGlobalSection
	GlobalSection(SolutionProperties) = preSolution
		HideSolutionNode = FALSE
	EndGlobalSection
EndGlobal
